{
  "name": "publish-java-package-with-maven-on-github-packages",
  "version": "1.0.0",
  "lockfileVersion": 3,
  "requires": true,
  "packages": {
    "": {
      "name": "publish-java-package-with-maven-on-github-packages",
      "version": "1.0.0",
      "license": "Apache-2.0",
      "devDependencies": {
        "@actions/core": "^1.10.0",
        "@commitlint/config-conventional": "17.6.6",
        "@octokit/auth-app": "^6.0.0"
      }
    },
    "node_modules/@actions/core": {
      "version": "1.10.0",
      "resolved": "https://registry.npmjs.org/@actions/core/-/core-1.10.0.tgz",
      "integrity": "sha512-2aZDDa3zrrZbP5ZYg159sNoLRb61nQ7awl5pSvIq5Qpj81vwDzdMRKzkWJGJuwVvWpvZKx7vspJALyvaaIQyug==",
      "dev": true,
      "dependencies": {
        "@actions/http-client": "^2.0.1",
        "uuid": "^8.3.2"
      }
    },
    "node_modules/@actions/http-client": {
      "version": "2.1.0",
      "resolved": "https://registry.npmjs.org/@actions/http-client/-/http-client-2.1.0.tgz",
      "integrity": "sha512-BonhODnXr3amchh4qkmjPMUO8mFi/zLaaCeCAJZqch8iQqyDnVIkySjB38VHAC8IJ+bnlgfOqlhpyCUZHlQsqw==",
      "dev": true,
      "dependencies": {
        "tunnel": "^0.0.6"
      }
    },
    "node_modules/@commitlint/config-conventional": {
      "version": "17.6.6",
      "resolved": "https://registry.npmjs.org/@commitlint/config-conventional/-/config-conventional-17.6.6.tgz",
      "integrity": "sha512-phqPz3BDhfj49FUYuuZIuDiw+7T6gNAEy7Yew1IBHqSohVUCWOK2FXMSAExzS2/9X+ET93g0Uz83KjiHDOOFag==",
      "dev": true,
      "dependencies": {
        "conventional-changelog-conventionalcommits": "^5.0.0"
      },
      "engines": {
        "node": ">=v14"
      }
    },
    "node_modules/@octokit/auth-app": {
      "version": "6.0.0",
      "resolved": "https://registry.npmjs.org/@octokit/auth-app/-/auth-app-6.0.0.tgz",
      "integrity": "sha512-OKct7Rukf3g9DjpzcpdacQsdmd6oPrJ7fZND22JkjzhDvfhttUOnmh+qPS4kHhaNNyTxqSThnfrUWvkqNLd1nw==",
      "dev": true,
      "dependencies": {
        "@octokit/auth-oauth-app": "^7.0.0",
        "@octokit/auth-oauth-user": "^4.0.0",
        "@octokit/request": "^8.0.2",
        "@octokit/request-error": "^5.0.0",
        "@octokit/types": "^11.0.0",
        "deprecation": "^2.3.1",
        "lru-cache": "^10.0.0",
        "universal-github-app-jwt": "^1.1.1",
        "universal-user-agent": "^6.0.0"
      },
      "engines": {
        "node": ">= 18"
      }
    },
    "node_modules/@octokit/auth-oauth-app": {
      "version": "7.0.0",
      "resolved": "https://registry.npmjs.org/@octokit/auth-oauth-app/-/auth-oauth-app-7.0.0.tgz",
      "integrity": "sha512-8JvJEXGoEqrbzLwt3SwIUvkDd+1wrM8up0KawvDIElB8rbxPbvWppGO0SLKAWSJ0q8ILcVq+mWck6pDcZ3a9KA==",
      "dev": true,
      "dependencies": {
        "@octokit/auth-oauth-device": "^6.0.0",
        "@octokit/auth-oauth-user": "^4.0.0",
        "@octokit/request": "^8.0.2",
        "@octokit/types": "^11.0.0",
        "@types/btoa-lite": "^1.0.0",
        "btoa-lite": "^1.0.0",
        "universal-user-agent": "^6.0.0"
      },
      "engines": {
        "node": ">= 18"
      }
    },
    "node_modules/@octokit/auth-oauth-device": {
      "version": "6.0.0",
      "resolved": "https://registry.npmjs.org/@octokit/auth-oauth-device/-/auth-oauth-device-6.0.0.tgz",
      "integrity": "sha512-Zgf/LKhwWk54rJaTGYVYtbKgUty+ouil6VQeRd+pCw7Gd0ECoSWaZuHK6uDGC/HtnWHjpSWFhzxPauDoHcNRtg==",
      "dev": true,
      "dependencies": {
        "@octokit/oauth-methods": "^4.0.0",
        "@octokit/request": "^8.0.0",
        "@octokit/types": "^11.0.0",
        "universal-user-agent": "^6.0.0"
      },
      "engines": {
        "node": ">= 18"
      }
    },
    "node_modules/@octokit/auth-oauth-user": {
      "version": "4.0.0",
      "resolved": "https://registry.npmjs.org/@octokit/auth-oauth-user/-/auth-oauth-user-4.0.0.tgz",
      "integrity": "sha512-VOm5aIkVGHaOhIvsF/4YmSjoYDzzrKbbYkdSEO0KqHK7I8SlO3ZndSikQ1fBlNPUEH0ve2BOTxLrVvI1qBf9/Q==",
      "dev": true,
      "dependencies": {
        "@octokit/auth-oauth-device": "^6.0.0",
        "@octokit/oauth-methods": "^4.0.0",
        "@octokit/request": "^8.0.2",
        "@octokit/types": "^11.0.0",
        "btoa-lite": "^1.0.0",
        "universal-user-agent": "^6.0.0"
      },
      "engines": {
        "node": ">= 18"
      }
    },
    "node_modules/@octokit/endpoint": {
      "version": "9.0.0",
      "resolved": "https://registry.npmjs.org/@octokit/endpoint/-/endpoint-9.0.0.tgz",
      "integrity": "sha512-szrQhiqJ88gghWY2Htt8MqUDO6++E/EIXqJ2ZEp5ma3uGS46o7LZAzSLt49myB7rT+Hfw5Y6gO3LmOxGzHijAQ==",
      "dev": true,
      "dependencies": {
        "@octokit/types": "^11.0.0",
        "is-plain-object": "^5.0.0",
        "universal-user-agent": "^6.0.0"
      },
      "engines": {
        "node": ">= 18"
      }
    },
    "node_modules/@octokit/oauth-authorization-url": {
      "version": "6.0.2",
      "resolved": "https://registry.npmjs.org/@octokit/oauth-authorization-url/-/oauth-authorization-url-6.0.2.tgz",
      "integrity": "sha512-CdoJukjXXxqLNK4y/VOiVzQVjibqoj/xHgInekviUJV73y/BSIcwvJ/4aNHPBPKcPWFnd4/lO9uqRV65jXhcLA==",
      "dev": true,
      "engines": {
        "node": ">= 18"
      }
    },
    "node_modules/@octokit/oauth-methods": {
      "version": "4.0.0",
      "resolved": "https://registry.npmjs.org/@octokit/oauth-methods/-/oauth-methods-4.0.0.tgz",
      "integrity": "sha512-dqy7BZLfLbi3/8X8xPKUKZclMEK9vN3fK5WF3ortRvtplQTszFvdAGbTo71gGLO+4ZxspNiLjnqdd64Chklf7w==",
      "dev": true,
      "dependencies": {
        "@octokit/oauth-authorization-url": "^6.0.2",
        "@octokit/request": "^8.0.2",
        "@octokit/request-error": "^5.0.0",
        "@octokit/types": "^11.0.0",
        "btoa-lite": "^1.0.0"
      },
      "engines": {
        "node": ">= 18"
      }
    },
    "node_modules/@octokit/openapi-types": {
      "version": "18.0.0",
      "resolved": "https://registry.npmjs.org/@octokit/openapi-types/-/openapi-types-18.0.0.tgz",
      "integrity": "sha512-V8GImKs3TeQRxRtXFpG2wl19V7444NIOTDF24AWuIbmNaNYOQMWRbjcGDXV5B+0n887fgDcuMNOmlul+k+oJtw==",
      "dev": true
    },
    "node_modules/@octokit/request": {
      "version": "8.1.0",
      "resolved": "https://registry.npmjs.org/@octokit/request/-/request-8.1.0.tgz",
      "integrity": "sha512-0gg/NwewU0iXctYBale0VVcCPqOtoW5lsog8cNBJgzV/CyTHa2gicUBOlNnzOk6pJkuwXI34qkq+uRm40PmD4A==",
      "dev": true,
      "dependencies": {
        "@octokit/endpoint": "^9.0.0",
        "@octokit/request-error": "^5.0.0",
        "@octokit/types": "^11.1.0",
        "is-plain-object": "^5.0.0",
        "universal-user-agent": "^6.0.0"
      },
      "engines": {
        "node": ">= 18"
      }
    },
    "node_modules/@octokit/request-error": {
      "version": "5.0.0",
      "resolved": "https://registry.npmjs.org/@octokit/request-error/-/request-error-5.0.0.tgz",
      "integrity": "sha512-1ue0DH0Lif5iEqT52+Rf/hf0RmGO9NWFjrzmrkArpG9trFfDM/efx00BJHdLGuro4BR/gECxCU2Twf5OKrRFsQ==",
      "dev": true,
      "dependencies": {
        "@octokit/types": "^11.0.0",
        "deprecation": "^2.0.0",
        "once": "^1.4.0"
      },
      "engines": {
        "node": ">= 18"
      }
    },
    "node_modules/@octokit/types": {
      "version": "11.1.0",
      "resolved": "https://registry.npmjs.org/@octokit/types/-/types-11.1.0.tgz",
      "integrity": "sha512-Fz0+7GyLm/bHt8fwEqgvRBWwIV1S6wRRyq+V6exRKLVWaKGsuy6H9QFYeBVDV7rK6fO3XwHgQOPxv+cLj2zpXQ==",
      "dev": true,
      "dependencies": {
        "@octokit/openapi-types": "^18.0.0"
      }
    },
    "node_modules/@types/btoa-lite": {
      "version": "1.0.0",
      "resolved": "https://registry.npmjs.org/@types/btoa-lite/-/btoa-lite-1.0.0.tgz",
      "integrity": "sha512-wJsiX1tosQ+J5+bY5LrSahHxr2wT+uME5UDwdN1kg4frt40euqA+wzECkmq4t5QbveHiJepfdThgQrPw6KiSlg==",
      "dev": true
    },
    "node_modules/@types/jsonwebtoken": {
      "version": "9.0.2",
      "resolved": "https://registry.npmjs.org/@types/jsonwebtoken/-/jsonwebtoken-9.0.2.tgz",
      "integrity": "sha512-drE6uz7QBKq1fYqqoFKTDRdFCPHd5TCub75BM+D+cMx7NU9hUz7SESLfC2fSCXVFMO5Yj8sOWHuGqPgjc+fz0Q==",
      "dev": true,
      "dependencies": {
        "@types/node": "*"
      }
    },
    "node_modules/@types/node": {
      "version": "20.4.2",
      "resolved": "https://registry.npmjs.org/@types/node/-/node-20.4.2.tgz",
      "integrity": "sha512-Dd0BYtWgnWJKwO1jkmTrzofjK2QXXcai0dmtzvIBhcA+RsG5h8R3xlyta0kGOZRNfL9GuRtb1knmPEhQrePCEw==",
      "dev": true
    },
    "node_modules/array-ify": {
      "version": "1.0.0",
      "resolved": "https://registry.npmjs.org/array-ify/-/array-ify-1.0.0.tgz",
      "integrity": "sha512-c5AMf34bKdvPhQ7tBGhqkgKNUzMr4WUs+WDtC2ZUGOUncbxKMTvqxYctiseW3+L4bA8ec+GcZ6/A/FW4m8ukng==",
      "dev": true
    },
    "node_modules/btoa-lite": {
      "version": "1.0.0",
      "resolved": "https://registry.npmjs.org/btoa-lite/-/btoa-lite-1.0.0.tgz",
      "integrity": "sha512-gvW7InbIyF8AicrqWoptdW08pUxuhq8BEgowNajy9RhiE86fmGAGl+bLKo6oB8QP0CkqHLowfN0oJdKC/J6LbA==",
      "dev": true
    },
    "node_modules/buffer-equal-constant-time": {
      "version": "1.0.1",
      "resolved": "https://registry.npmjs.org/buffer-equal-constant-time/-/buffer-equal-constant-time-1.0.1.tgz",
      "integrity": "sha512-zRpUiDwd/xk6ADqPMATG8vc9VPrkck7T07OIx0gnjmJAnHnTVXNQG3vfvWNuiZIkwu9KrKdA1iJKfsfTVxE6NA==",
      "dev": true
    },
    "node_modules/compare-func": {
      "version": "2.0.0",
      "resolved": "https://registry.npmjs.org/compare-func/-/compare-func-2.0.0.tgz",
      "integrity": "sha512-zHig5N+tPWARooBnb0Zx1MFcdfpyJrfTJ3Y5L+IFvUm8rM74hHz66z0gw0x4tijh5CorKkKUCnW82R2vmpeCRA==",
      "dev": true,
      "dependencies": {
        "array-ify": "^1.0.0",
        "dot-prop": "^5.1.0"
      }
    },
    "node_modules/conventional-changelog-conventionalcommits": {
      "version": "5.0.0",
      "resolved": "https://registry.npmjs.org/conventional-changelog-conventionalcommits/-/conventional-changelog-conventionalcommits-5.0.0.tgz",
      "integrity": "sha512-lCDbA+ZqVFQGUj7h9QBKoIpLhl8iihkO0nCTyRNzuXtcd7ubODpYB04IFy31JloiJgG0Uovu8ot8oxRzn7Nwtw==",
      "dev": true,
      "dependencies": {
        "compare-func": "^2.0.0",
        "lodash": "^4.17.15",
        "q": "^1.5.1"
      },
      "engines": {
        "node": ">=10"
      }
    },
    "node_modules/deprecation": {
      "version": "2.3.1",
      "resolved": "https://registry.npmjs.org/deprecation/-/deprecation-2.3.1.tgz",
      "integrity": "sha512-xmHIy4F3scKVwMsQ4WnVaS8bHOx0DmVwRywosKhaILI0ywMDWPtBSku2HNxRvF7jtwDRsoEwYQSfbxj8b7RlJQ==",
      "dev": true
    },
    "node_modules/dot-prop": {
      "version": "5.3.0",
      "resolved": "https://registry.npmjs.org/dot-prop/-/dot-prop-5.3.0.tgz",
      "integrity": "sha512-QM8q3zDe58hqUqjraQOmzZ1LIH9SWQJTlEKCH4kJ2oQvLZk7RbQXvtDM2XEq3fwkV9CCvvH4LA0AV+ogFsBM2Q==",
      "dev": true,
      "dependencies": {
        "is-obj": "^2.0.0"
      },
      "engines": {
        "node": ">=8"
      }
    },
    "node_modules/ecdsa-sig-formatter": {
      "version": "1.0.11",
      "resolved": "https://registry.npmjs.org/ecdsa-sig-formatter/-/ecdsa-sig-formatter-1.0.11.tgz",
      "integrity": "sha512-nagl3RYrbNv6kQkeJIpt6NJZy8twLB/2vtz6yN9Z4vRKHN4/QZJIEbqohALSgwKdnksuY3k5Addp5lg8sVoVcQ==",
      "dev": true,
      "dependencies": {
        "safe-buffer": "^5.0.1"
      }
    },
    "node_modules/is-obj": {
      "version": "2.0.0",
      "resolved": "https://registry.npmjs.org/is-obj/-/is-obj-2.0.0.tgz",
      "integrity": "sha512-drqDG3cbczxxEJRoOXcOjtdp1J/lyp1mNn0xaznRs8+muBhgQcrnbspox5X5fOw0HnMnbfDzvnEMEtqDEJEo8w==",
      "dev": true,
      "engines": {
        "node": ">=8"
      }
    },
    "node_modules/is-plain-object": {
      "version": "5.0.0",
      "resolved": "https://registry.npmjs.org/is-plain-object/-/is-plain-object-5.0.0.tgz",
      "integrity": "sha512-VRSzKkbMm5jMDoKLbltAkFQ5Qr7VDiTFGXxYFXXowVj387GeGNOCsOH6Msy00SGZ3Fp84b1Naa1psqgcCIEP5Q==",
      "dev": true,
      "engines": {
        "node": ">=0.10.0"
      }
    },
    "node_modules/jsonwebtoken": {
      "version": "9.0.1",
      "resolved": "https://registry.npmjs.org/jsonwebtoken/-/jsonwebtoken-9.0.1.tgz",
      "integrity": "sha512-K8wx7eJ5TPvEjuiVSkv167EVboBDv9PZdDoF7BgeQnBLVvZWW9clr2PsQHVJDTKaEIH5JBIwHujGcHp7GgI2eg==",
      "dev": true,
      "dependencies": {
        "jws": "^3.2.2",
        "lodash": "^4.17.21",
        "ms": "^2.1.1",
        "semver": "^7.3.8"
      },
      "engines": {
        "node": ">=12",
        "npm": ">=6"
      }
    },
    "node_modules/jwa": {
      "version": "1.4.1",
      "resolved": "https://registry.npmjs.org/jwa/-/jwa-1.4.1.tgz",
      "integrity": "sha512-qiLX/xhEEFKUAJ6FiBMbes3w9ATzyk5W7Hvzpa/SLYdxNtng+gcurvrI7TbACjIXlsJyr05/S1oUhZrc63evQA==",
      "dev": true,
      "dependencies": {
        "buffer-equal-constant-time": "1.0.1",
        "ecdsa-sig-formatter": "1.0.11",
        "safe-buffer": "^5.0.1"
      }
    },
    "node_modules/jws": {
      "version": "3.2.2",
      "resolved": "https://registry.npmjs.org/jws/-/jws-3.2.2.tgz",
      "integrity": "sha512-YHlZCB6lMTllWDtSPHz/ZXTsi8S00usEV6v1tjq8tOUZzw7DpSDWVXjXDre6ed1w/pd495ODpHZYSdkRTsa0HA==",
      "dev": true,
      "dependencies": {
        "jwa": "^1.4.1",
        "safe-buffer": "^5.0.1"
      }
    },
    "node_modules/lodash": {
      "version": "4.17.21",
      "resolved": "https://registry.npmjs.org/lodash/-/lodash-4.17.21.tgz",
      "integrity": "sha512-v2kDEe57lecTulaDIuNTPy3Ry4gLGJ6Z1O3vE1krgXZNrsQ+LFTGHVxVjcXPs17LhbZVGedAJv8XZ1tvj5FvSg==",
      "dev": true
    },
    "node_modules/lru-cache": {
      "version": "10.0.0",
      "resolved": "https://registry.npmjs.org/lru-cache/-/lru-cache-10.0.0.tgz",
      "integrity": "sha512-svTf/fzsKHffP42sujkO/Rjs37BCIsQVRCeNYIm9WN8rgT7ffoUnRtZCqU+6BqcSBdv8gwJeTz8knJpgACeQMw==",
      "dev": true,
      "engines": {
        "node": "14 || >=16.14"
      }
    },
    "node_modules/ms": {
      "version": "2.1.3",
      "resolved": "https://registry.npmjs.org/ms/-/ms-2.1.3.tgz",
      "integrity": "sha512-6FlzubTLZG3J2a/NVCAleEhjzq5oxgHyaCU9yYXvcLsvoVaHJq/s5xXI6/XXP6tz7R9xAOtHnSO/tXtF3WRTlA==",
      "dev": true
    },
    "node_modules/once": {
      "version": "1.4.0",
      "resolved": "https://registry.npmjs.org/once/-/once-1.4.0.tgz",
      "integrity": "sha512-lNaJgI+2Q5URQBkccEKHTQOPaXdUxnZZElQTZY0MFUAuaEqe1E+Nyvgdz/aIyNi6Z9MzO5dv1H8n58/GELp3+w==",
      "dev": true,
      "dependencies": {
        "wrappy": "1"
      }
    },
    "node_modules/q": {
      "version": "1.5.1",
      "resolved": "https://registry.npmjs.org/q/-/q-1.5.1.tgz",
      "integrity": "sha512-kV/CThkXo6xyFEZUugw/+pIOywXcDbFYgSct5cT3gqlbkBE1SJdwy6UQoZvodiWF/ckQLZyDE/Bu1M6gVu5lVw==",
      "dev": true,
      "engines": {
        "node": ">=0.6.0",
        "teleport": ">=0.2.0"
      }
    },
    "node_modules/safe-buffer": {
      "version": "5.2.1",
      "resolved": "https://registry.npmjs.org/safe-buffer/-/safe-buffer-5.2.1.tgz",
      "integrity": "sha512-rp3So07KcdmmKbGvgaNxQSJr7bGVSVk5S9Eq1F+ppbRo70+YeaDxkw5Dd8NPN+GD6bjnYm2VuPuCXmpuYvmCXQ==",
      "dev": true,
      "funding": [
        {
          "type": "github",
          "url": "https://github.com/sponsors/feross"
        },
        {
          "type": "patreon",
          "url": "https://www.patreon.com/feross"
        },
        {
          "type": "consulting",
          "url": "https://feross.org/support"
        }
      ]
    },
    "node_modules/semver": {
      "version": "7.5.4",
      "resolved": "https://registry.npmjs.org/semver/-/semver-7.5.4.tgz",
      "integrity": "sha512-1bCSESV6Pv+i21Hvpxp3Dx+pSD8lIPt8uVjRrxAUt/nbswYc+tK6Y2btiULjd4+fnq15PX+nqQDC7Oft7WkwcA==",
      "dev": true,
      "dependencies": {
        "lru-cache": "^6.0.0"
      },
      "bin": {
        "semver": "bin/semver.js"
      },
      "engines": {
        "node": ">=10"
      }
    },
    "node_modules/semver/node_modules/lru-cache": {
      "version": "6.0.0",
      "resolved": "https://registry.npmjs.org/lru-cache/-/lru-cache-6.0.0.tgz",
      "integrity": "sha512-Jo6dJ04CmSjuznwJSS3pUeWmd/H0ffTlkXXgwZi+eq1UCmqQwCh+eLsYOYCwY991i2Fah4h1BEMCx4qThGbsiA==",
      "dev": true,
      "dependencies": {
        "yallist": "^4.0.0"
      },
      "engines": {
        "node": ">=10"
      }
    },
    "node_modules/tunnel": {
      "version": "0.0.6",
      "resolved": "https://registry.npmjs.org/tunnel/-/tunnel-0.0.6.tgz",
      "integrity": "sha512-1h/Lnq9yajKY2PEbBadPXj3VxsDDu844OnaAo52UVmIzIvwwtBPIuNvkjuzBlTWpfJyUbG3ez0KSBibQkj4ojg==",
      "dev": true,
      "engines": {
        "node": ">=0.6.11 <=0.7.0 || >=0.7.3"
      }
    },
    "node_modules/universal-github-app-jwt": {
      "version": "1.1.1",
      "resolved": "https://registry.npmjs.org/universal-github-app-jwt/-/universal-github-app-jwt-1.1.1.tgz",
      "integrity": "sha512-G33RTLrIBMFmlDV4u4CBF7dh71eWwykck4XgaxaIVeZKOYZRAAxvcGMRFTUclVY6xoUPQvO4Ne5wKGxYm/Yy9w==",
      "dev": true,
      "dependencies": {
        "@types/jsonwebtoken": "^9.0.0",
        "jsonwebtoken": "^9.0.0"
      }
    },
    "node_modules/universal-user-agent": {
      "version": "6.0.0",
      "resolved": "https://registry.npmjs.org/universal-user-agent/-/universal-user-agent-6.0.0.tgz",
      "integrity": "sha512-isyNax3wXoKaulPDZWHQqbmIx1k2tb9fb3GGDBRxCscfYV2Ch7WxPArBsFEG8s/safwXTT7H4QGhaIkTp9447w==",
      "dev": true
    },
    "node_modules/uuid": {
      "version": "8.3.2",
      "resolved": "https://registry.npmjs.org/uuid/-/uuid-8.3.2.tgz",
      "integrity": "sha512-+NYs2QeMWy+GWFOEm9xnn6HCDp0l7QBD7ml8zLUmJ+93Q5NF0NocErnwkTkXVFNiX3/fpC6afS8Dhb/gz7R7eg==",
      "dev": true,
      "bin": {
        "uuid": "dist/bin/uuid"
      }
    },
    "node_modules/wrappy": {
      "version": "1.0.2",
      "resolved": "https://registry.npmjs.org/wrappy/-/wrappy-1.0.2.tgz",
      "integrity": "sha512-l4Sp/DRseor9wL6EvV2+TuQn63dMkPjZ/sp9XkghTEbV9KlPS1xUsZ3u7/IQO4wxtcFB4bgpQPRcR3QCvezPcQ==",
      "dev": true
    },
    "node_modules/yallist": {
      "version": "4.0.0",
      "resolved": "https://registry.npmjs.org/yallist/-/yallist-4.0.0.tgz",
      "integrity": "sha512-3wdGidZyq5PB084XLES5TpOSRA3wjXAlIWMhum2kRcv/41Sn2emQ0dycQW4uZXLejwKvg6EsvbdlVL+FYEct7A==",
      "dev": true
    }
  }
}
